// !$*UTF8*$!
{
	archiveVersion = 1;
	classes = {
	};
	objectVersion = 56;
	objects = {

/* Begin PBXBuildFile section */
		DCFDFA4C2C57AB73001062CE /* SnowSeekerApp.swift in Sources */ = {isa = PBXBuildFile; fileRef = DCFDFA4B2C57AB73001062CE /* SnowSeekerApp.swift */; };
		DCFDFA4E2C57AB73001062CE /* ContentView.swift in Sources */ = {isa = PBXBuildFile; fileRef = DCFDFA4D2C57AB73001062CE /* ContentView.swift */; };
		DCFDFA502C57AB79001062CE /* Assets.xcassets in Resources */ = {isa = PBXBuildFile; fileRef = DCFDFA4F2C57AB79001062CE /* Assets.xcassets */; };
		DCFDFA532C57AB79001062CE /* Preview Assets.xcassets in Resources */ = {isa = PBXBuildFile; fileRef = DCFDFA522C57AB79001062CE /* Preview Assets.xcassets */; };
		DCFDFA5A2C58C50F001062CE /* Resort.swift in Sources */ = {isa = PBXBuildFile; fileRef = DCFDFA592C58C50F001062CE /* Resort.swift */; };
		DCFDFA5C2C58C5C0001062CE /* Bundle-Decodable.swift in Sources */ = {isa = PBXBuildFile; fileRef = DCFDFA5B2C58C5C0001062CE /* Bundle-Decodable.swift */; };
		DCFDFA5E2C58C816001062CE /* resorts.json in Resources */ = {isa = PBXBuildFile; fileRef = DCFDFA5D2C58C816001062CE /* resorts.json */; };
		DCFDFA602C58CE8A001062CE /* WelcomeView.swift in Sources */ = {isa = PBXBuildFile; fileRef = DCFDFA5F2C58CE8A001062CE /* WelcomeView.swift */; };
		DCFDFA622C58F367001062CE /* ResortView.swift in Sources */ = {isa = PBXBuildFile; fileRef = DCFDFA612C58F366001062CE /* ResortView.swift */; };
		DCFDFA642C58F499001062CE /* SkiDetailsView.swift in Sources */ = {isa = PBXBuildFile; fileRef = DCFDFA632C58F499001062CE /* SkiDetailsView.swift */; };
		DCFDFA662C58F54A001062CE /* ResortDetailsView.swift in Sources */ = {isa = PBXBuildFile; fileRef = DCFDFA652C58F54A001062CE /* ResortDetailsView.swift */; };
		DCFDFA682C5A2F89001062CE /* Facility.swift in Sources */ = {isa = PBXBuildFile; fileRef = DCFDFA672C5A2F89001062CE /* Facility.swift */; };
		DCFDFA6A2C5A453B001062CE /* Favorites.swift in Sources */ = {isa = PBXBuildFile; fileRef = DCFDFA692C5A453B001062CE /* Favorites.swift */; };
/* End PBXBuildFile section */

/* Begin PBXFileReference section */
		DCFDFA482C57AB73001062CE /* SnowSeeker.app */ = {isa = PBXFileReference; explicitFileType = wrapper.application; includeInIndex = 0; path = SnowSeeker.app; sourceTree = BUILT_PRODUCTS_DIR; };
		DCFDFA4B2C57AB73001062CE /* SnowSeekerApp.swift */ = {isa = PBXFileReference; lastKnownFileType = sourcecode.swift; path = SnowSeekerApp.swift; sourceTree = "<group>"; };
		DCFDFA4D2C57AB73001062CE /* ContentView.swift */ = {isa = PBXFileReference; lastKnownFileType = sourcecode.swift; path = ContentView.swift; sourceTree = "<group>"; };
		DCFDFA4F2C57AB79001062CE /* Assets.xcassets */ = {isa = PBXFileReference; lastKnownFileType = folder.assetcatalog; path = Assets.xcassets; sourceTree = "<group>"; };
		DCFDFA522C57AB79001062CE /* Preview Assets.xcassets */ = {isa = PBXFileReference; lastKnownFileType = folder.assetcatalog; path = "Preview Assets.xcassets"; sourceTree = "<group>"; };
		DCFDFA592C58C50F001062CE /* Resort.swift */ = {isa = PBXFileReference; lastKnownFileType = sourcecode.swift; path = Resort.swift; sourceTree = "<group>"; };
		DCFDFA5B2C58C5C0001062CE /* Bundle-Decodable.swift */ = {isa = PBXFileReference; fileEncoding = 4; lastKnownFileType = sourcecode.swift; name = "Bundle-Decodable.swift"; path = "../../Moonshot/Moonshot/Bundle-Decodable.swift"; sourceTree = "<group>"; };
		DCFDFA5D2C58C816001062CE /* resorts.json */ = {isa = PBXFileReference; fileEncoding = 4; lastKnownFileType = text.json; path = resorts.json; sourceTree = "<group>"; };
		DCFDFA5F2C58CE8A001062CE /* WelcomeView.swift */ = {isa = PBXFileReference; lastKnownFileType = sourcecode.swift; path = WelcomeView.swift; sourceTree = "<group>"; };
		DCFDFA612C58F366001062CE /* ResortView.swift */ = {isa = PBXFileReference; lastKnownFileType = sourcecode.swift; path = ResortView.swift; sourceTree = "<group>"; };
		DCFDFA632C58F499001062CE /* SkiDetailsView.swift */ = {isa = PBXFileReference; lastKnownFileType = sourcecode.swift; path = SkiDetailsView.swift; sourceTree = "<group>"; };
		DCFDFA652C58F54A001062CE /* ResortDetailsView.swift */ = {isa = PBXFileReference; lastKnownFileType = sourcecode.swift; path = ResortDetailsView.swift; sourceTree = "<group>"; };
		DCFDFA672C5A2F89001062CE /* Facility.swift */ = {isa = PBXFileReference; lastKnownFileType = sourcecode.swift; path = Facility.swift; sourceTree = "<group>"; };
		DCFDFA692C5A453B001062CE /* Favorites.swift */ = {isa = PBXFileReference; lastKnownFileType = sourcecode.swift; path = Favorites.swift; sourceTree = "<group>"; };
/* End PBXFileReference section */

/* Begin PBXFrameworksBuildPhase section */
		DCFDFA452C57AB73001062CE /* Frameworks */ = {
			isa = PBXFrameworksBuildPhase;
			buildActionMask = 2147483647;
			files = (
			);
			runOnlyForDeploymentPostprocessing = 0;
		};
/* End PBXFrameworksBuildPhase section */

/* Begin PBXGroup section */
		DCFDFA3F2C57AB73001062CE = {
			isa = PBXGroup;
			children = (
				DCFDFA4A2C57AB73001062CE /* SnowSeeker */,
				DCFDFA492C57AB73001062CE /* Products */,
			);
			sourceTree = "<group>";
		};
		DCFDFA492C57AB73001062CE /* Products */ = {
			isa = PBXGroup;
			children = (
				DCFDFA482C57AB73001062CE /* SnowSeeker.app */,
			);
			name = Products;
			sourceTree = "<group>";
		};
		DCFDFA4A2C57AB73001062CE /* SnowSeeker */ = {
			isa = PBXGroup;
			children = (
				DCFDFA4B2C57AB73001062CE /* SnowSeekerApp.swift */,
				DCFDFA4D2C57AB73001062CE /* ContentView.swift */,
				DCFDFA692C5A453B001062CE /* Favorites.swift */,
				DCFDFA632C58F499001062CE /* SkiDetailsView.swift */,
				DCFDFA652C58F54A001062CE /* ResortDetailsView.swift */,
				DCFDFA612C58F366001062CE /* ResortView.swift */,
				DCFDFA672C5A2F89001062CE /* Facility.swift */,
				DCFDFA5F2C58CE8A001062CE /* WelcomeView.swift */,
				DCFDFA592C58C50F001062CE /* Resort.swift */,
				DCFDFA5B2C58C5C0001062CE /* Bundle-Decodable.swift */,
				DCFDFA5D2C58C816001062CE /* resorts.json */,
				DCFDFA4F2C57AB79001062CE /* Assets.xcassets */,
				DCFDFA512C57AB79001062CE /* Preview Content */,
			);
			path = SnowSeeker;
			sourceTree = "<group>";
		};
		DCFDFA512C57AB79001062CE /* Preview Content */ = {
			isa = PBXGroup;
			children = (
				DCFDFA522C57AB79001062CE /* Preview Assets.xcassets */,
			);
			path = "Preview Content";
			sourceTree = "<group>";
		};
/* End PBXGroup section */

/* Begin PBXNativeTarget section */
		DCFDFA472C57AB73001062CE /* SnowSeeker */ = {
			isa = PBXNativeTarget;
			buildConfigurationList = DCFDFA562C57AB79001062CE /* Build configuration list for PBXNativeTarget "SnowSeeker" */;
			buildPhases = (
				DCFDFA442C57AB73001062CE /* Sources */,
				DCFDFA452C57AB73001062CE /* Frameworks */,
				DCFDFA462C57AB73001062CE /* Resources */,
			);
			buildRules = (
			);
			dependencies = (
			);
			name = SnowSeeker;
			productName = SnowSeeker;
			productReference = DCFDFA482C57AB73001062CE /* SnowSeeker.app */;
			productType = "com.apple.product-type.application";
		};
/* End PBXNativeTarget section */

/* Begin PBXProject section */
		DCFDFA402C57AB73001062CE /* Project object */ = {
			isa = PBXProject;
			attributes = {
				BuildIndependentTargetsInParallel = 1;
				LastSwiftUpdateCheck = 1540;
				LastUpgradeCheck = 1540;
				TargetAttributes = {
					DCFDFA472C57AB73001062CE = {
						CreatedOnToolsVersion = 15.4;
					};
				};
			};
			buildConfigurationList = DCFDFA432C57AB73001062CE /* Build configuration list for PBXProject "SnowSeeker" */;
			compatibilityVersion = "Xcode 14.0";
			developmentRegion = en;
			hasScannedForEncodings = 0;
			knownRegions = (
				en,
				Base,
			);
			mainGroup = DCFDFA3F2C57AB73001062CE;
			productRefGroup = DCFDFA492C57AB73001062CE /* Products */;
			projectDirPath = "";
			projectRoot = "";
			targets = (
				DCFDFA472C57AB73001062CE /* SnowSeeker */,
			);
		};
/* End PBXProject section */

/* Begin PBXResourcesBuildPhase section */
		DCFDFA462C57AB73001062CE /* Resources */ = {
			isa = PBXResourcesBuildPhase;
			buildActionMask = 2147483647;
			files = (
				DCFDFA5E2C58C816001062CE /* resorts.json in Resources */,
				DCFDFA532C57AB79001062CE /* Preview Assets.xcassets in Resources */,
				DCFDFA502C57AB79001062CE /* Assets.xcassets in Resources */,
			);
			runOnlyForDeploymentPostprocessing = 0;
		};
/* End PBXResourcesBuildPhase section */

/* Begin PBXSourcesBuildPhase section */
		DCFDFA442C57AB73001062CE /* Sources */ = {
			isa = PBXSourcesBuildPhase;
			buildActionMask = 2147483647;
			files = (
				DCFDFA4E2C57AB73001062CE /* ContentView.swift in Sources */,
				DCFDFA642C58F499001062CE /* SkiDetailsView.swift in Sources */,
				DCFDFA5A2C58C50F001062CE /* Resort.swift in Sources */,
				DCFDFA6A2C5A453B001062CE /* Favorites.swift in Sources */,
				DCFDFA682C5A2F89001062CE /* Facility.swift in Sources */,
				DCFDFA662C58F54A001062CE /* ResortDetailsView.swift in Sources */,
				DCFDFA4C2C57AB73001062CE /* SnowSeekerApp.swift in Sources */,
				DCFDFA622C58F367001062CE /* ResortView.swift in Sources */,
				DCFDFA602C58CE8A001062CE /* WelcomeView.swift in Sources */,
				DCFDFA5C2C58C5C0001062CE /* Bundle-Decodable.swift in Sources */,
			);
			runOnlyForDeploymentPostprocessing = 0;
		};
/* End PBXSourcesBuildPhase section */

/* Begin XCBuildConfiguration section */
		DCFDFA542C57AB79001062CE /* Debug */ = {
			isa = XCBuildConfiguration;
			buildSettings = {
				ALWAYS_SEARCH_USER_PATHS = NO;
				ASSETCATALOG_COMPILER_GENERATE_SWIFT_ASSET_SYMBOL_EXTENSIONS = YES;
				CLANG_ANALYZER_NONNULL = YES;
				CLANG_ANALYZER_NUMBER_OBJECT_CONVERSION = YES_AGGRESSIVE;
				CLANG_CXX_LANGUAGE_STANDARD = "gnu++20";
				CLANG_ENABLE_MODULES = YES;
				CLANG_ENABLE_OBJC_ARC = YES;
				CLANG_ENABLE_OBJC_WEAK = YES;
				CLANG_WARN_BLOCK_CAPTURE_AUTORELEASING = YES;
				CLANG_WARN_BOOL_CONVERSION = YES;
				CLANG_WARN_COMMA = YES;
				CLANG_WARN_CONSTANT_CONVERSION = YES;
				CLANG_WARN_DEPRECATED_OBJC_IMPLEMENTATIONS = YES;
				CLANG_WARN_DIRECT_OBJC_ISA_USAGE = YES_ERROR;
				CLANG_WARN_DOCUMENTATION_COMMENTS = YES;
				CLANG_WARN_EMPTY_BODY = YES;
				CLANG_WARN_ENUM_CONVERSION = YES;
				CLANG_WARN_INFINITE_RECURSION = YES;
				CLANG_WARN_INT_CONVERSION = YES;
				CLANG_WARN_NON_LITERAL_NULL_CONVERSION = YES;
				CLANG_WARN_OBJC_IMPLICIT_RETAIN_SELF = YES;
				CLANG_WARN_OBJC_LITERAL_CONVERSION = YES;
				CLANG_WARN_OBJC_ROOT_CLASS = YES_ERROR;
				CLANG_WARN_QUOTED_INCLUDE_IN_FRAMEWORK_HEADER = YES;
				CLANG_WARN_RANGE_LOOP_ANALYSIS = YES;
				CLANG_WARN_STRICT_PROTOTYPES = YES;
				CLANG_WARN_SUSPICIOUS_MOVE = YES;
				CLANG_WARN_UNGUARDED_AVAILABILITY = YES_AGGRESSIVE;
				CLANG_WARN_UNREACHABLE_CODE = YES;
				CLANG_WARN__DUPLICATE_METHOD_MATCH = YES;
				COPY_PHASE_STRIP = NO;
				DEBUG_INFORMATION_FORMAT = dwarf;
				ENABLE_STRICT_OBJC_MSGSEND = YES;
				ENABLE_TESTABILITY = YES;
				ENABLE_USER_SCRIPT_SANDBOXING = YES;
				GCC_C_LANGUAGE_STANDARD = gnu17;
				GCC_DYNAMIC_NO_PIC = NO;
				GCC_NO_COMMON_BLOCKS = YES;
				GCC_OPTIMIZATION_LEVEL = 0;
				GCC_PREPROCESSOR_DEFINITIONS = (
					"DEBUG=1",
					"$(inherited)",
				);
				GCC_WARN_64_TO_32_BIT_CONVERSION = YES;
				GCC_WARN_ABOUT_RETURN_TYPE = YES_ERROR;
				GCC_WARN_UNDECLARED_SELECTOR = YES;
				GCC_WARN_UNINITIALIZED_AUTOS = YES_AGGRESSIVE;
				GCC_WARN_UNUSED_FUNCTION = YES;
				GCC_WARN_UNUSED_VARIABLE = YES;
				IPHONEOS_DEPLOYMENT_TARGET = 17.5;
				LOCALIZATION_PREFERS_STRING_CATALOGS = YES;
				MTL_ENABLE_DEBUG_INFO = INCLUDE_SOURCE;
				MTL_FAST_MATH = YES;
				ONLY_ACTIVE_ARCH = YES;
				SDKROOT = iphoneos;
				SWIFT_ACTIVE_COMPILATION_CONDITIONS = "DEBUG $(inherited)";
				SWIFT_OPTIMIZATION_LEVEL = "-Onone";
			};
			name = Debug;
		};
		DCFDFA552C57AB79001062CE /* Release */ = {
			isa = XCBuildConfiguration;
			buildSettings = {
				ALWAYS_SEARCH_USER_PATHS = NO;
				ASSETCATALOG_COMPILER_GENERATE_SWIFT_ASSET_SYMBOL_EXTENSIONS = YES;
				CLANG_ANALYZER_NONNULL = YES;
				CLANG_ANALYZER_NUMBER_OBJECT_CONVERSION = YES_AGGRESSIVE;
				CLANG_CXX_LANGUAGE_STANDARD = "gnu++20";
				CLANG_ENABLE_MODULES = YES;
				CLANG_ENABLE_OBJC_ARC = YES;
				CLANG_ENABLE_OBJC_WEAK = YES;
				CLANG_WARN_BLOCK_CAPTURE_AUTORELEASING = YES;
				CLANG_WARN_BOOL_CONVERSION = YES;
				CLANG_WARN_COMMA = YES;
				CLANG_WARN_CONSTANT_CONVERSION = YES;
				CLANG_WARN_DEPRECATED_OBJC_IMPLEMENTATIONS = YES;
				CLANG_WARN_DIRECT_OBJC_ISA_USAGE = YES_ERROR;
				CLANG_WARN_DOCUMENTATION_COMMENTS = YES;
				CLANG_WARN_EMPTY_BODY = YES;
				CLANG_WARN_ENUM_CONVERSION = YES;
				CLANG_WARN_INFINITE_RECURSION = YES;
				CLANG_WARN_INT_CONVERSION = YES;
				CLANG_WARN_NON_LITERAL_NULL_CONVERSION = YES;
				CLANG_WARN_OBJC_IMPLICIT_RETAIN_SELF = YES;
				CLANG_WARN_OBJC_LITERAL_CONVERSION = YES;
				CLANG_WARN_OBJC_ROOT_CLASS = YES_ERROR;
				CLANG_WARN_QUOTED_INCLUDE_IN_FRAMEWORK_HEADER = YES;
				CLANG_WARN_RANGE_LOOP_ANALYSIS = YES;
				CLANG_WARN_STRICT_PROTOTYPES = YES;
				CLANG_WARN_SUSPICIOUS_MOVE = YES;
				CLANG_WARN_UNGUARDED_AVAILABILITY = YES_AGGRESSIVE;
				CLANG_WARN_UNREACHABLE_CODE = YES;
				CLANG_WARN__DUPLICATE_METHOD_MATCH = YES;
				COPY_PHASE_STRIP = NO;
				DEBUG_INFORMATION_FORMAT = "dwarf-with-dsym";
				ENABLE_NS_ASSERTIONS = NO;
				ENABLE_STRICT_OBJC_MSGSEND = YES;
				ENABLE_USER_SCRIPT_SANDBOXING = YES;
				GCC_C_LANGUAGE_STANDARD = gnu17;
				GCC_NO_COMMON_BLOCKS = YES;
				GCC_WARN_64_TO_32_BIT_CONVERSION = YES;
				GCC_WARN_ABOUT_RETURN_TYPE = YES_ERROR;
				GCC_WARN_UNDECLARED_SELECTOR = YES;
				GCC_WARN_UNINITIALIZED_AUTOS = YES_AGGRESSIVE;
				GCC_WARN_UNUSED_FUNCTION = YES;
				GCC_WARN_UNUSED_VARIABLE = YES;
				IPHONEOS_DEPLOYMENT_TARGET = 17.5;
				LOCALIZATION_PREFERS_STRING_CATALOGS = YES;
				MTL_ENABLE_DEBUG_INFO = NO;
				MTL_FAST_MATH = YES;
				SDKROOT = iphoneos;
				SWIFT_COMPILATION_MODE = wholemodule;
				VALIDATE_PRODUCT = YES;
			};
			name = Release;
		};
		DCFDFA572C57AB79001062CE /* Debug */ = {
			isa = XCBuildConfiguration;
			buildSettings = {
				ASSETCATALOG_COMPILER_APPICON_NAME = AppIcon;
				ASSETCATALOG_COMPILER_GLOBAL_ACCENT_COLOR_NAME = AccentColor;
				CODE_SIGN_STYLE = Automatic;
				CURRENT_PROJECT_VERSION = 1;
				DEVELOPMENT_ASSET_PATHS = "\"SnowSeeker/Preview Content\"";
				DEVELOPMENT_TEAM = 5P5HZ4F34W;
				ENABLE_PREVIEWS = YES;
				GENERATE_INFOPLIST_FILE = YES;
				INFOPLIST_KEY_UIApplicationSceneManifest_Generation = YES;
				INFOPLIST_KEY_UIApplicationSupportsIndirectInputEvents = YES;
				INFOPLIST_KEY_UILaunchScreen_Generation = YES;
				INFOPLIST_KEY_UISupportedInterfaceOrientations_iPad = "UIInterfaceOrientationPortrait UIInterfaceOrientationPortraitUpsideDown UIInterfaceOrientationLandscapeLeft UIInterfaceOrientationLandscapeRight";
				INFOPLIST_KEY_UISupportedInterfaceOrientations_iPhone = "UIInterfaceOrientationPortrait UIInterfaceOrientationLandscapeLeft UIInterfaceOrientationLandscapeRight";
				LD_RUNPATH_SEARCH_PATHS = (
					"$(inherited)",
					"@executable_path/Frameworks",
				);
				MARKETING_VERSION = 1.0;
				PRODUCT_BUNDLE_IDENTIFIER = com.antonbaskakov.SnowSeeker;
				PRODUCT_NAME = "$(TARGET_NAME)";
				SWIFT_EMIT_LOC_STRINGS = YES;
				SWIFT_VERSION = 5.0;
				TARGETED_DEVICE_FAMILY = "1,2";
			};
			name = Debug;
		};
		DCFDFA582C57AB79001062CE /* Release */ = {
			isa = XCBuildConfiguration;
			buildSettings = {
				ASSETCATALOG_COMPILER_APPICON_NAME = AppIcon;
				ASSETCATALOG_COMPILER_GLOBAL_ACCENT_COLOR_NAME = AccentColor;
				CODE_SIGN_STYLE = Automatic;
				CURRENT_PROJECT_VERSION = 1;
				DEVELOPMENT_ASSET_PATHS = "\"SnowSeeker/Preview Content\"";
				DEVELOPMENT_TEAM = 5P5HZ4F34W;
				ENABLE_PREVIEWS = YES;
				GENERATE_INFOPLIST_FILE = YES;
				INFOPLIST_KEY_UIApplicationSceneManifest_Generation = YES;
				INFOPLIST_KEY_UIApplicationSupportsIndirectInputEvents = YES;
				INFOPLIST_KEY_UILaunchScreen_Generation = YES;
				INFOPLIST_KEY_UISupportedInterfaceOrientations_iPad = "UIInterfaceOrientationPortrait UIInterfaceOrientationPortraitUpsideDown UIInterfaceOrientationLandscapeLeft UIInterfaceOrientationLandscapeRight";
				INFOPLIST_KEY_UISupportedInterfaceOrientations_iPhone = "UIInterfaceOrientationPortrait UIInterfaceOrientationLandscapeLeft UIInterfaceOrientationLandscapeRight";
				LD_RUNPATH_SEARCH_PATHS = (
					"$(inherited)",
					"@executable_path/Frameworks",
				);
				MARKETING_VERSION = 1.0;
				PRODUCT_BUNDLE_IDENTIFIER = com.antonbaskakov.SnowSeeker;
				PRODUCT_NAME = "$(TARGET_NAME)";
				SWIFT_EMIT_LOC_STRINGS = YES;
				SWIFT_VERSION = 5.0;
				TARGETED_DEVICE_FAMILY = "1,2";
			};
			name = Release;
		};
/* End XCBuildConfiguration section */

/* Begin XCConfigurationList section */
		DCFDFA432C57AB73001062CE /* Build configuration list for PBXProject "SnowSeeker" */ = {
			isa = XCConfigurationList;
			buildConfigurations = (
				DCFDFA542C57AB79001062CE /* Debug */,
				DCFDFA552C57AB79001062CE /* Release */,
			);
			defaultConfigurationIsVisible = 0;
			defaultConfigurationName = Release;
		};
		DCFDFA562C57AB79001062CE /* Build configuration list for PBXNativeTarget "SnowSeeker" */ = {
			isa = XCConfigurationList;
			buildConfigurations = (
				DCFDFA572C57AB79001062CE /* Debug */,
				DCFDFA582C57AB79001062CE /* Release */,
			);
			defaultConfigurationIsVisible = 0;
			defaultConfigurationName = Release;
		};
/* End XCConfigurationList section */
	};
	rootObject = DCFDFA402C57AB73001062CE /* Project object */;
}
